
Microsoft Visual Studio Solution File, Format Version 12.00
# Visual Studio 15
VisualStudioVersion = 15.0.26430.13
MinimumVisualStudioVersion = 10.0.40219.1
Project("{FAE04EC0-301F-11D3-BF4B-00C04F79EFBC}") = "OCRFFNetwork", "OCRFFNetwork\OCRFFNetwork.csproj", "{4BF58A32-32F0-47FD-B41E-C1CFF17FD267}"
EndProject
Global
	GlobalSection(SolutionConfigurationPlatforms) = preSolution
		Debug|Any CPU = Debug|Any CPU
		Release|Any CPU = Release|Any CPU
	EndGlobalSection
	GlobalSection(ProjectConfigurationPlatforms) = postSolution
		{4BF58A32-32F0-47FD-B41E-C1CFF17FD267}.Debug|Any CPU.ActiveCfg = Debug|Any CPU
		{4BF58A32-32F0-47FD-B41E-C1CFF17FD267}.Debug|Any CPU.Build.0 = Debug|Any CPU
		{4BF58A32-32F0-47FD-B41E-C1CFF17FD267}.Release|Any CPU.ActiveCfg = Release|Any CPU
		{4BF58A32-32F0-47FD-B41E-C1CFF17FD267}.Release|Any CPU.Build.0 = Release|Any CPU
	EndGlobalSection
	GlobalSection(SolutionProperties) = preSolution
		HideSolutionNode = FALSE
	EndGlobalSection
EndGlobal
